{
  "name": "xtal-math",
  "version": "0.0.0",
  "lockfileVersion": 1,
  "requires": true,
  "dependencies": {
    "deframe": {
      "version": "0.0.9",
      "resolved": "https://registry.npmjs.org/deframe/-/deframe-0.0.9.tgz",
      "integrity": "sha512-4LYfVPdIVO7sjc/9SR3Kz9ViY1ljCCaTz02CZwEaSchuIxY8BuDLH09K+7UmTk2xdcTvhj2uB3GEvx0w9QY/MA==",
      "requires": {
        "xtal-latx": "0.0.69"
      }
    },
    "p-d.p-u": {
      "version": "0.0.88",
      "resolved": "https://registry.npmjs.org/p-d.p-u/-/p-d.p-u-0.0.88.tgz",
      "integrity": "sha512-3sXsbUiResZl+QhFHUcsgIXmj43lt237qvfnGRrs1bXelPrtRnCQR9uTmNlNwbpg4PJDg53bHlEg65XPCtTYnQ==",
      "requires": {
        "xtal-latx": "0.0.76"
      },
      "dependencies": {
        "xtal-latx": {
          "version": "0.0.76",
          "resolved": "https://registry.npmjs.org/xtal-latx/-/xtal-latx-0.0.76.tgz",
          "integrity": "sha512-Vf8xGuV8k7OtsLnrdpHq2HRU22mTYSxXqjzB65GeO3bHYY2r25NSx9kcwhOn5bi5ZR47GiIy/8fKxZIaeTLT0w=="
        }
      }
    },
    "xtal-decorator": {
      "version": "0.0.32",
      "resolved": "https://registry.npmjs.org/xtal-decorator/-/xtal-decorator-0.0.32.tgz",
      "integrity": "sha512-x4u7X8VMq9tToGrVEseJRZrnejowC1X+KWivvnJDShmahx/ERik4a5L5XFYjXaPV6SsDvyAOCBsqWOJq5bIcsQ==",
      "requires": {
        "xtal-latx": "0.0.76",
        "xtal-shell": "0.0.10"
      },
      "dependencies": {
        "xtal-latx": {
          "version": "0.0.76",
          "resolved": "https://registry.npmjs.org/xtal-latx/-/xtal-latx-0.0.76.tgz",
          "integrity": "sha512-Vf8xGuV8k7OtsLnrdpHq2HRU22mTYSxXqjzB65GeO3bHYY2r25NSx9kcwhOn5bi5ZR47GiIy/8fKxZIaeTLT0w=="
        }
      }
    },
    "xtal-latx": {
      "version": "0.0.69",
      "resolved": "https://registry.npmjs.org/xtal-latx/-/xtal-latx-0.0.69.tgz",
      "integrity": "sha512-vvM3qFj/cK9P5SCo+BiZ5CjakX4LC2NCFU6YvpVA5ooRzr6YWFpste+KoiiSpQLVHtu6+uA1u+wBz+7lH1P6yg=="
    },
    "xtal-shell": {
      "version": "0.0.10",
      "resolved": "https://registry.npmjs.org/xtal-shell/-/xtal-shell-0.0.10.tgz",
      "integrity": "sha512-LBilNGwMFPC9c6ARTIzH4Y1mws++k22Lr16/3a9SVejwPvj/vSX61YlPLlvm/117hnF9HcYET6a3pmkfWHanPw=="
    }
  }
}
