{
  "name": "xtal-math",
  "version": "0.0.0",
  "lockfileVersion": 1,
  "requires": true,
  "dependencies": {
    "deframe": {
      "version": "0.0.8",
      "resolved": "https://registry.npmjs.org/deframe/-/deframe-0.0.8.tgz",
      "integrity": "sha512-eeYHKr76eSRG4ztYzWms3jLNYo3JN82XeNpGS8B+/QNogmV1HjCAgnGAbi+HMJZuSdRLDAR1cd00NHcRPSus7w==",
      "requires": {
        "xtal-latx": "0.0.69"
      }
    },
    "p-d.p-u": {
      "version": "0.0.84",
      "resolved": "https://registry.npmjs.org/p-d.p-u/-/p-d.p-u-0.0.84.tgz",
      "integrity": "sha512-So5eRHxlyziavKw74Ge9s1qj/mtyQ53r+pN8xQG5/CPgypSRqjhEOQB/YCdW3V+/94UFI3pYSB9nL9Zcuu7GhA==",
      "requires": {
        "xtal-latx": "0.0.76"
      },
      "dependencies": {
        "xtal-latx": {
          "version": "0.0.76",
          "resolved": "https://registry.npmjs.org/xtal-latx/-/xtal-latx-0.0.76.tgz",
          "integrity": "sha512-Vf8xGuV8k7OtsLnrdpHq2HRU22mTYSxXqjzB65GeO3bHYY2r25NSx9kcwhOn5bi5ZR47GiIy/8fKxZIaeTLT0w=="
        }
      }
    },
    "xtal-decorator": {
      "version": "0.0.31",
      "resolved": "https://registry.npmjs.org/xtal-decorator/-/xtal-decorator-0.0.31.tgz",
      "integrity": "sha512-GdtCqd65MdWQ6YeSFGvZg1E4Jqcd2F0gnPKHnIpzwU1bDnJ5/PLbuwc8OeXNYvLTiUAxUrPjugsSPDDlF7pNMQ==",
      "requires": {
        "xtal-latx": "0.0.76",
        "xtal-shell": "0.0.10"
      },
      "dependencies": {
        "xtal-latx": {
          "version": "0.0.76",
          "resolved": "https://registry.npmjs.org/xtal-latx/-/xtal-latx-0.0.76.tgz",
          "integrity": "sha512-Vf8xGuV8k7OtsLnrdpHq2HRU22mTYSxXqjzB65GeO3bHYY2r25NSx9kcwhOn5bi5ZR47GiIy/8fKxZIaeTLT0w=="
        }
      }
    },
    "xtal-latx": {
      "version": "0.0.69",
      "resolved": "https://registry.npmjs.org/xtal-latx/-/xtal-latx-0.0.69.tgz",
      "integrity": "sha512-vvM3qFj/cK9P5SCo+BiZ5CjakX4LC2NCFU6YvpVA5ooRzr6YWFpste+KoiiSpQLVHtu6+uA1u+wBz+7lH1P6yg=="
    },
    "xtal-shell": {
      "version": "0.0.10",
      "resolved": "https://registry.npmjs.org/xtal-shell/-/xtal-shell-0.0.10.tgz",
      "integrity": "sha512-LBilNGwMFPC9c6ARTIzH4Y1mws++k22Lr16/3a9SVejwPvj/vSX61YlPLlvm/117hnF9HcYET6a3pmkfWHanPw=="
    }
  }
}
